Microsoft Visual Studio Solution File, Format Version 12.00
# Visual Studio 15
VisualStudioVersion = 15.0.25807.0
MinimumVisualStudioVersion = 10.0.40219.1
Project("{2150E333-8FDC-42A3-9474-1A3956D46DE8}") = "Engine", "Engine", "{F50818CC-AB1F-414A-B71D-069C2CD00B8B}"
EndProject
Project("{2150E333-8FDC-42A3-9474-1A3956D46DE8}") = "Games", "Games", "{674DA68C-0837-434C-9186-F8F96BCE9941}"
EndProject
Project("{8BC9CEB8-8B4A-11D0-8D11-00A0C91BC942}") = "UE4", "Intermediate\ProjectFiles\UE4.vcxproj", "{474F2C7C-976E-4469-B8F9-5715DADBA96B}"
EndProject
Project("{8BC9CEB8-8B4A-11D0-8D11-00A0C91BC942}") = "BuildingEscape", "Intermediate\ProjectFiles\BuildingEscape.vcxproj", "{FF0A27B3-BF8A-4F82-84EE-83CA0A9C2387}"
EndProject
Project("{2150E333-8FDC-42A3-9474-1A3956D46DE8}") = "Visualizers", "Visualizers", "{B601A67E-89E2-430E-86EA-1B73F89B2567}"
	ProjectSection(SolutionItems) = preProject
		..\..\..\..\..\Program Files\Epic Games\UE_4.21\Engine\Extras\VisualStudioDebugging\UE4.natvis = ..\..\..\..\..\Program Files\Epic Games\UE_4.21\Engine\Extras\VisualStudioDebugging\UE4.natvis
	EndProjectSection
EndProject
Global
	GlobalSection(SolutionConfigurationPlatforms) = preSolution
		DebugGame Editor|HTML5 = DebugGame Editor|HTML5
		DebugGame Editor|IOS = DebugGame Editor|IOS
		DebugGame Editor|Win32 = DebugGame Editor|Win32
		DebugGame Editor|Win64 = DebugGame Editor|Win64
		DebugGame|HTML5 = DebugGame|HTML5
		DebugGame|IOS = DebugGame|IOS
		DebugGame|Win32 = DebugGame|Win32
		DebugGame|Win64 = DebugGame|Win64
		Development Editor|HTML5 = Development Editor|HTML5
		Development Editor|IOS = Development Editor|IOS
		Development Editor|Win32 = Development Editor|Win32
		Development Editor|Win64 = Development Editor|Win64
		Development|HTML5 = Development|HTML5
		Development|IOS = Development|IOS
		Development|Win32 = Development|Win32
		Development|Win64 = Development|Win64
		Shipping|HTML5 = Shipping|HTML5
		Shipping|IOS = Shipping|IOS
		Shipping|Win32 = Shipping|Win32
		Shipping|Win64 = Shipping|Win64
	EndGlobalSection
	GlobalSection(ProjectConfigurationPlatforms) = postSolution
		{474F2C7C-976E-4469-B8F9-5715DADBA96B}.DebugGame Editor|HTML5.ActiveCfg = BuiltWithUnrealBuildTool|Win32
		{474F2C7C-976E-4469-B8F9-5715DADBA96B}.DebugGame Editor|IOS.ActiveCfg = BuiltWithUnrealBuildTool|Win32
		{474F2C7C-976E-4469-B8F9-5715DADBA96B}.DebugGame Editor|Win32.ActiveCfg = BuiltWithUnrealBuildTool|Win32
		{474F2C7C-976E-4469-B8F9-5715DADBA96B}.DebugGame Editor|Win64.ActiveCfg = BuiltWithUnrealBuildTool|Win32
		{474F2C7C-976E-4469-B8F9-5715DADBA96B}.DebugGame|HTML5.ActiveCfg = BuiltWithUnrealBuildTool|Win32
		{474F2C7C-976E-4469-B8F9-5715DADBA96B}.DebugGame|IOS.ActiveCfg = BuiltWithUnrealBuildTool|Win32
		{474F2C7C-976E-4469-B8F9-5715DADBA96B}.DebugGame|Win32.ActiveCfg = BuiltWithUnrealBuildTool|Win32
		{474F2C7C-976E-4469-B8F9-5715DADBA96B}.DebugGame|Win64.ActiveCfg = BuiltWithUnrealBuildTool|Win32
		{474F2C7C-976E-4469-B8F9-5715DADBA96B}.Development Editor|HTML5.ActiveCfg = BuiltWithUnrealBuildTool|Win32
		{474F2C7C-976E-4469-B8F9-5715DADBA96B}.Development Editor|IOS.ActiveCfg = BuiltWithUnrealBuildTool|Win32
		{474F2C7C-976E-4469-B8F9-5715DADBA96B}.Development Editor|Win32.ActiveCfg = BuiltWithUnrealBuildTool|Win32
		{474F2C7C-976E-4469-B8F9-5715DADBA96B}.Development Editor|Win64.ActiveCfg = BuiltWithUnrealBuildTool|Win32
		{474F2C7C-976E-4469-B8F9-5715DADBA96B}.Development|HTML5.ActiveCfg = BuiltWithUnrealBuildTool|Win32
		{474F2C7C-976E-4469-B8F9-5715DADBA96B}.Development|IOS.ActiveCfg = BuiltWithUnrealBuildTool|Win32
		{474F2C7C-976E-4469-B8F9-5715DADBA96B}.Development|Win32.ActiveCfg = BuiltWithUnrealBuildTool|Win32
		{474F2C7C-976E-4469-B8F9-5715DADBA96B}.Development|Win64.ActiveCfg = BuiltWithUnrealBuildTool|Win32
		{474F2C7C-976E-4469-B8F9-5715DADBA96B}.Shipping|HTML5.ActiveCfg = BuiltWithUnrealBuildTool|Win32
		{474F2C7C-976E-4469-B8F9-5715DADBA96B}.Shipping|IOS.ActiveCfg = BuiltWithUnrealBuildTool|Win32
		{474F2C7C-976E-4469-B8F9-5715DADBA96B}.Shipping|Win32.ActiveCfg = BuiltWithUnrealBuildTool|Win32
		{474F2C7C-976E-4469-B8F9-5715DADBA96B}.Shipping|Win64.ActiveCfg = BuiltWithUnrealBuildTool|Win32
		{FF0A27B3-BF8A-4F82-84EE-83CA0A9C2387}.DebugGame Editor|HTML5.ActiveCfg = Invalid|Win32
		{FF0A27B3-BF8A-4F82-84EE-83CA0A9C2387}.DebugGame Editor|IOS.ActiveCfg = Invalid|Win32
		{FF0A27B3-BF8A-4F82-84EE-83CA0A9C2387}.DebugGame Editor|Win32.ActiveCfg = Invalid|Win32
		{FF0A27B3-BF8A-4F82-84EE-83CA0A9C2387}.DebugGame Editor|Win64.ActiveCfg = DebugGame_Editor|x64
		{FF0A27B3-BF8A-4F82-84EE-83CA0A9C2387}.DebugGame Editor|Win64.Build.0 = DebugGame_Editor|x64
		{FF0A27B3-BF8A-4F82-84EE-83CA0A9C2387}.DebugGame|HTML5.ActiveCfg = HTML5_DebugGame|Win32
		{FF0A27B3-BF8A-4F82-84EE-83CA0A9C2387}.DebugGame|HTML5.Build.0 = HTML5_DebugGame|Win32
		{FF0A27B3-BF8A-4F82-84EE-83CA0A9C2387}.DebugGame|IOS.ActiveCfg = IOS_DebugGame|Win32
		{FF0A27B3-BF8A-4F82-84EE-83CA0A9C2387}.DebugGame|IOS.Build.0 = IOS_DebugGame|Win32
		{FF0A27B3-BF8A-4F82-84EE-83CA0A9C2387}.DebugGame|Win32.ActiveCfg = DebugGame|Win32
		{FF0A27B3-BF8A-4F82-84EE-83CA0A9C2387}.DebugGame|Win32.Build.0 = DebugGame|Win32
		{FF0A27B3-BF8A-4F82-84EE-83CA0A9C2387}.DebugGame|Win64.ActiveCfg = DebugGame|x64
		{FF0A27B3-BF8A-4F82-84EE-83CA0A9C2387}.DebugGame|Win64.Build.0 = DebugGame|x64
		{FF0A27B3-BF8A-4F82-84EE-83CA0A9C2387}.Development Editor|HTML5.ActiveCfg = Invalid|Win32
		{FF0A27B3-BF8A-4F82-84EE-83CA0A9C2387}.Development Editor|IOS.ActiveCfg = Invalid|Win32
		{FF0A27B3-BF8A-4F82-84EE-83CA0A9C2387}.Development Editor|Win32.ActiveCfg = Invalid|Win32
		{FF0A27B3-BF8A-4F82-84EE-83CA0A9C2387}.Development Editor|Win64.ActiveCfg = Development_Editor|x64
		{FF0A27B3-BF8A-4F82-84EE-83CA0A9C2387}.Development Editor|Win64.Build.0 = Development_Editor|x64
		{FF0A27B3-BF8A-4F82-84EE-83CA0A9C2387}.Development|HTML5.ActiveCfg = HTML5_Development|Win32
		{FF0A27B3-BF8A-4F82-84EE-83CA0A9C2387}.Development|HTML5.Build.0 = HTML5_Development|Win32
		{FF0A27B3-BF8A-4F82-84EE-83CA0A9C2387}.Development|IOS.ActiveCfg = IOS_Development|Win32
		{FF0A27B3-BF8A-4F82-84EE-83CA0A9C2387}.Development|IOS.Build.0 = IOS_Development|Win32
		{FF0A27B3-BF8A-4F82-84EE-83CA0A9C2387}.Development|Win32.ActiveCfg = Development|Win32
		{FF0A27B3-BF8A-4F82-84EE-83CA0A9C2387}.Development|Win32.Build.0 = Development|Win32
		{FF0A27B3-BF8A-4F82-84EE-83CA0A9C2387}.Development|Win64.ActiveCfg = Development|x64
		{FF0A27B3-BF8A-4F82-84EE-83CA0A9C2387}.Development|Win64.Build.0 = Development|x64
		{FF0A27B3-BF8A-4F82-84EE-83CA0A9C2387}.Shipping|HTML5.ActiveCfg = HTML5_Shipping|Win32
		{FF0A27B3-BF8A-4F82-84EE-83CA0A9C2387}.Shipping|HTML5.Build.0 = HTML5_Shipping|Win32
		{FF0A27B3-BF8A-4F82-84EE-83CA0A9C2387}.Shipping|IOS.ActiveCfg = IOS_Shipping|Win32
		{FF0A27B3-BF8A-4F82-84EE-83CA0A9C2387}.Shipping|IOS.Build.0 = IOS_Shipping|Win32
		{FF0A27B3-BF8A-4F82-84EE-83CA0A9C2387}.Shipping|Win32.ActiveCfg = Shipping|Win32
		{FF0A27B3-BF8A-4F82-84EE-83CA0A9C2387}.Shipping|Win32.Build.0 = Shipping|Win32
		{FF0A27B3-BF8A-4F82-84EE-83CA0A9C2387}.Shipping|Win64.ActiveCfg = Shipping|x64
		{FF0A27B3-BF8A-4F82-84EE-83CA0A9C2387}.Shipping|Win64.Build.0 = Shipping|x64
	EndGlobalSection
	GlobalSection(SolutionProperties) = preSolution
		HideSolutionNode = FALSE
	EndGlobalSection
	GlobalSection(NestedProjects) = preSolution
		{474F2C7C-976E-4469-B8F9-5715DADBA96B} = {F50818CC-AB1F-414A-B71D-069C2CD00B8B}
		{FF0A27B3-BF8A-4F82-84EE-83CA0A9C2387} = {674DA68C-0837-434C-9186-F8F96BCE9941}
		{FF0A27B3-BF8A-4F82-84EE-83CA0A9C2387} = {674DA68C-0837-434C-9186-F8F96BCE9941}
	EndGlobalSection
EndGlobal
